
Microsoft Visual Studio Solution File, Format Version 12.00
Project("{FAE04EC0-301F-11D3-BF4B-00C04F79EFBC}") = "InsurgencyServerManager", "InsurgencyServerManager\InsurgencyServerManager.csproj", "{698A8BB1-1EE7-4DF4-8662-283A33A3DCAF}"
EndProject
Global
	GlobalSection(SolutionConfigurationPlatforms) = preSolution
		Debug|Any CPU = Debug|Any CPU
		Release|Any CPU = Release|Any CPU
	EndGlobalSection
	GlobalSection(ProjectConfigurationPlatforms) = postSolution
		{698A8BB1-1EE7-4DF4-8662-283A33A3DCAF}.Debug|Any CPU.ActiveCfg = Debug|Any CPU
		{698A8BB1-1EE7-4DF4-8662-283A33A3DCAF}.Debug|Any CPU.Build.0 = Debug|Any CPU
		{698A8BB1-1EE7-4DF4-8662-283A33A3DCAF}.Release|Any CPU.ActiveCfg = Release|Any CPU
		{698A8BB1-1EE7-4DF4-8662-283A33A3DCAF}.Release|Any CPU.Build.0 = Release|Any CPU
	EndGlobalSection
EndGlobal
